
Microsoft Visual Studio Solution File, Format Version 12.00
# Visual Studio Version 16
VisualStudioVersion = 16.0.29728.190
MinimumVisualStudioVersion = 10.0.40219.1
Project("{9A19103F-16F7-4668-BE54-9A1E7A4F7556}") = "Password Storage", "Password Storage\Password Storage.csproj", "{B7A19A6D-1F94-4D1E-984F-4EE50D95D4AC}"
EndProject
Project("{2150E333-8FDC-42A3-9474-1A3956D46DE8}") = "Solution Items", "Solution Items", "{41176EDC-F120-41C4-B783-DF0D8D6393A8}"
	ProjectSection(SolutionItems) = preProject
		.editorconfig = .editorconfig
	EndProjectSection
EndProject
Project("{9A19103F-16F7-4668-BE54-9A1E7A4F7556}") = "Password Storage.Tests", "Password Storage.Tests\Password Storage.Tests.csproj", "{3162C548-A2F0-4750-A424-41B210955AFF}"
EndProject
Project("{FAE04EC0-301F-11D3-BF4B-00C04F79EFBC}") = "PasswordHandler", "PasswordHandler\PasswordHandler.csproj", "{7C5C3389-9285-4380-B742-0EBA3F844280}"
EndProject
Global
	GlobalSection(SolutionConfigurationPlatforms) = preSolution
		Debug|Any CPU = Debug|Any CPU
		Release|Any CPU = Release|Any CPU
	EndGlobalSection
	GlobalSection(ProjectConfigurationPlatforms) = postSolution
		{B7A19A6D-1F94-4D1E-984F-4EE50D95D4AC}.Debug|Any CPU.ActiveCfg = Debug|Any CPU
		{B7A19A6D-1F94-4D1E-984F-4EE50D95D4AC}.Debug|Any CPU.Build.0 = Debug|Any CPU
		{B7A19A6D-1F94-4D1E-984F-4EE50D95D4AC}.Release|Any CPU.ActiveCfg = Release|Any CPU
		{B7A19A6D-1F94-4D1E-984F-4EE50D95D4AC}.Release|Any CPU.Build.0 = Release|Any CPU
		{3162C548-A2F0-4750-A424-41B210955AFF}.Debug|Any CPU.ActiveCfg = Debug|Any CPU
		{3162C548-A2F0-4750-A424-41B210955AFF}.Debug|Any CPU.Build.0 = Debug|Any CPU
		{3162C548-A2F0-4750-A424-41B210955AFF}.Release|Any CPU.ActiveCfg = Release|Any CPU
		{3162C548-A2F0-4750-A424-41B210955AFF}.Release|Any CPU.Build.0 = Release|Any CPU
		{7C5C3389-9285-4380-B742-0EBA3F844280}.Debug|Any CPU.ActiveCfg = Debug|Any CPU
		{7C5C3389-9285-4380-B742-0EBA3F844280}.Debug|Any CPU.Build.0 = Debug|Any CPU
		{7C5C3389-9285-4380-B742-0EBA3F844280}.Release|Any CPU.ActiveCfg = Release|Any CPU
		{7C5C3389-9285-4380-B742-0EBA3F844280}.Release|Any CPU.Build.0 = Release|Any CPU
	EndGlobalSection
	GlobalSection(SolutionProperties) = preSolution
		HideSolutionNode = FALSE
	EndGlobalSection
	GlobalSection(ExtensibilityGlobals) = postSolution
		SolutionGuid = {A4AB73A0-6BCE-490E-AC73-BA3DADFFD470}
	EndGlobalSection
EndGlobal
